
Microsoft Visual Studio Solution File, Format Version 12.00
# Visual Studio Version 17
VisualStudioVersion = 17.4.33205.214
MinimumVisualStudioVersion = 10.0.40219.1
Project("{9A19103F-16F7-4668-BE54-9A1E7A4F7556}") = "shopWebAPI", "shopWebAPI.csproj", "{7642DEE2-F237-4327-B2AF-48452B5935CC}"
EndProject
Global
	GlobalSection(SolutionConfigurationPlatforms) = preSolution
		Debug|Any CPU = Debug|Any CPU
		Release|Any CPU = Release|Any CPU
	EndGlobalSection
	GlobalSection(ProjectConfigurationPlatforms) = postSolution
		{7642DEE2-F237-4327-B2AF-48452B5935CC}.Debug|Any CPU.ActiveCfg = Debug|Any CPU
		{7642DEE2-F237-4327-B2AF-48452B5935CC}.Debug|Any CPU.Build.0 = Debug|Any CPU
		{7642DEE2-F237-4327-B2AF-48452B5935CC}.Release|Any CPU.ActiveCfg = Release|Any CPU
		{7642DEE2-F237-4327-B2AF-48452B5935CC}.Release|Any CPU.Build.0 = Release|Any CPU
		{DD0AB350-47EE-4A83-905B-B595AC335F95}.Debug|Any CPU.ActiveCfg = Debug|Any CPU
		{DD0AB350-47EE-4A83-905B-B595AC335F95}.Debug|Any CPU.Build.0 = Debug|Any CPU
		{DD0AB350-47EE-4A83-905B-B595AC335F95}.Release|Any CPU.ActiveCfg = Release|Any CPU
		{DD0AB350-47EE-4A83-905B-B595AC335F95}.Release|Any CPU.Build.0 = Release|Any CPU
	EndGlobalSection
	GlobalSection(SolutionProperties) = preSolution
		HideSolutionNode = FALSE
	EndGlobalSection
	GlobalSection(ExtensibilityGlobals) = postSolution
		SolutionGuid = {8880CF40-6AA1-4833-B330-847BB524261A}
	EndGlobalSection
EndGlobal
